
Microsoft Visual Studio Solution File, Format Version 12.00
# Visual Studio 15
VisualStudioVersion = 15.0.28307.645
MinimumVisualStudioVersion = 10.0.40219.1
Project("{FAE04EC0-301F-11D3-BF4B-00C04F79EFBC}") = "DevVmPsModules", "DevVmPsModules\DevVmPsModules.csproj", "{64CAC790-5494-46B0-9B3B-3E7D6C85584B}"
EndProject
Global
	GlobalSection(SolutionConfigurationPlatforms) = preSolution
		Debug|Any CPU = Debug|Any CPU
		Release|Any CPU = Release|Any CPU
	EndGlobalSection
	GlobalSection(ProjectConfigurationPlatforms) = postSolution
		{64CAC790-5494-46B0-9B3B-3E7D6C85584B}.Debug|Any CPU.ActiveCfg = Debug|Any CPU
		{64CAC790-5494-46B0-9B3B-3E7D6C85584B}.Debug|Any CPU.Build.0 = Debug|Any CPU
		{64CAC790-5494-46B0-9B3B-3E7D6C85584B}.Release|Any CPU.ActiveCfg = Release|Any CPU
		{64CAC790-5494-46B0-9B3B-3E7D6C85584B}.Release|Any CPU.Build.0 = Release|Any CPU
	EndGlobalSection
	GlobalSection(SolutionProperties) = preSolution
		HideSolutionNode = FALSE
	EndGlobalSection
	GlobalSection(ExtensibilityGlobals) = postSolution
		SolutionGuid = {72003174-BF0E-4385-A1F6-13C023D8862E}
	EndGlobalSection
EndGlobal
